%{
  "clixir": {:hex, :clixir, "0.4.0", "3a2c2ff0d35ce6a6a6cb72622fd69421afb171b824a6db3965b6656fedc137c3", [:make, :mix], [{:elixir_make, "~> 0.4", [hex: :elixir_make, repo: "hexpm", optional: false]}], "hexpm", "55ffb134bd54283b379a1d259fb60a9072ec4305148fba21d3aac3d1bad1a15b"},
  "earmark": {:hex, :earmark, "1.2.5", "4d21980d5d2862a2e13ec3c49ad9ad783ffc7ca5769cf6ff891a4553fbaae761", [:mix], [], "hexpm", "c57508ddad47dfb8038ca6de1e616e66e9b87313220ac5d9817bc4a4dc2257b9"},
  "earmark_parser": {:hex, :earmark_parser, "1.4.10", "6603d7a603b9c18d3d20db69921527f82ef09990885ed7525003c7fe7dc86c56", [:mix], [], "hexpm", "8e2d5370b732385db2c9b22215c3f59c84ac7dda7ed7e544d7c459496ae519c0"},
  "elixir_make": {:hex, :elixir_make, "0.6.1", "8faa29a5597faba999aeeb72bbb9c91694ef8068f0131192fb199f98d32994ef", [:mix], [], "hexpm", "35d33270680f8d839a4003c3e9f43afb595310a592405a00afc12de4c7f55a18"},
  "ex_doc": {:hex, :ex_doc, "0.22.2", "03a2a58bdd2ba0d83d004507c4ee113b9c521956938298eba16e55cc4aba4a6c", [:mix], [{:earmark_parser, "~> 1.4.0", [hex: :earmark_parser, repo: "hexpm", optional: false]}, {:makeup_elixir, "~> 0.14", [hex: :makeup_elixir, repo: "hexpm", optional: false]}], "hexpm", "cf60e1b3e2efe317095b6bb79651f83a2c1b3edcb4d319c421d7fcda8b3aff26"},
  "file_system": {:hex, :file_system, "0.2.8", "f632bd287927a1eed2b718f22af727c5aeaccc9a98d8c2bd7bff709e851dc986", [:mix], [], "hexpm", "97a3b6f8d63ef53bd0113070102db2ce05352ecf0d25390eb8d747c2bde98bca"},
  "makeup": {:hex, :makeup, "1.0.3", "e339e2f766d12e7260e6672dd4047405963c5ec99661abdc432e6ec67d29ef95", [:mix], [{:nimble_parsec, "~> 0.5", [hex: :nimble_parsec, repo: "hexpm", optional: false]}], "hexpm", "2e9b4996d11832947731f7608fed7ad2f9443011b3b479ae288011265cdd3dad"},
  "makeup_elixir": {:hex, :makeup_elixir, "0.14.1", "4f0e96847c63c17841d42c08107405a005a2680eb9c7ccadfd757bd31dabccfb", [:mix], [{:makeup, "~> 1.0", [hex: :makeup, repo: "hexpm", optional: false]}], "hexpm", "f2438b1a80eaec9ede832b5c41cd4f373b38fd7aa33e3b22d9db79e640cbde11"},
  "mix_test_watch": {:hex, :mix_test_watch, "0.9.0", "c72132a6071261893518fa08e121e911c9358713f62794a90c95db59042af375", [:mix], [{:file_system, "~> 0.2.1 or ~> 0.3", [hex: :file_system, repo: "hexpm", optional: false]}], "hexpm", "817dec4a7f6edf260258002f99ac8ffaf7a8f395b27bf2d13ec24018beecec8a"},
  "nanovg": {:git, "https://github.com/memononen/nanovg.git", "6fa3b3d51981ef696a2deb63fe50e1d9d62ff6a9", [tag: "6fa3b3d"]},
  "nimble_parsec": {:hex, :nimble_parsec, "0.6.0", "32111b3bf39137144abd7ba1cce0914533b2d16ef35e8abc5ec8be6122944263", [:mix], [], "hexpm", "27eac315a94909d4dc68bc07a4a83e06c8379237c5ea528a9acff4ca1c873c52"},
}
